// !$*UTF8*$!
{
	archiveVersion = 1;
	classes = {
	};
	objectVersion = 50;
	objects = {

/* Begin PBXBuildFile section */
		451D3003238191A80032C3F4 /* AppDelegate.swift in Sources */ = {isa = PBXBuildFile; fileRef = 451D3002238191A80032C3F4 /* AppDelegate.swift */; };
		451D3005238191A80032C3F4 /* SceneDelegate.swift in Sources */ = {isa = PBXBuildFile; fileRef = 451D3004238191A80032C3F4 /* SceneDelegate.swift */; };
		451D300A238191A80032C3F4 /* Main.storyboard in Resources */ = {isa = PBXBuildFile; fileRef = 451D3008238191A80032C3F4 /* Main.storyboard */; };
		451D300C238191AB0032C3F4 /* Assets.xcassets in Resources */ = {isa = PBXBuildFile; fileRef = 451D300B238191AB0032C3F4 /* Assets.xcassets */; };
		451D300F238191AB0032C3F4 /* LaunchScreen.storyboard in Resources */ = {isa = PBXBuildFile; fileRef = 451D300D238191AB0032C3F4 /* LaunchScreen.storyboard */; };
		451D30172381926E0032C3F4 /* NewsViewController.swift in Sources */ = {isa = PBXBuildFile; fileRef = 451D30162381926E0032C3F4 /* NewsViewController.swift */; };
		451D3019238192CB0032C3F4 /* CustomData.swift in Sources */ = {isa = PBXBuildFile; fileRef = 451D3018238192CB0032C3F4 /* CustomData.swift */; };
		C43BCA81E5AB7100A792D797 /* Pods_SwiftNewsKit_Design1.framework in Frameworks */ = {isa = PBXBuildFile; fileRef = 254B6B604E8D7AA979E0E2C5 /* Pods_SwiftNewsKit_Design1.framework */; };
		FA23CADC2384A3430058E8E9 /* WebBrowserViewController.swift in Sources */ = {isa = PBXBuildFile; fileRef = FA23CADB2384A3430058E8E9 /* WebBrowserViewController.swift */; };
/* End PBXBuildFile section */

/* Begin PBXFileReference section */
		254B6B604E8D7AA979E0E2C5 /* Pods_SwiftNewsKit_Design1.framework */ = {isa = PBXFileReference; explicitFileType = wrapper.framework; includeInIndex = 0; path = Pods_SwiftNewsKit_Design1.framework; sourceTree = BUILT_PRODUCTS_DIR; };
		451D2FFF238191A80032C3F4 /* SwiftNewsKit-Design1.app */ = {isa = PBXFileReference; explicitFileType = wrapper.application; includeInIndex = 0; path = "SwiftNewsKit-Design1.app"; sourceTree = BUILT_PRODUCTS_DIR; };
		451D3002238191A80032C3F4 /* AppDelegate.swift */ = {isa = PBXFileReference; lastKnownFileType = sourcecode.swift; path = AppDelegate.swift; sourceTree = "<group>"; };
		451D3004238191A80032C3F4 /* SceneDelegate.swift */ = {isa = PBXFileReference; lastKnownFileType = sourcecode.swift; path = SceneDelegate.swift; sourceTree = "<group>"; };
		451D3009238191A80032C3F4 /* Base */ = {isa = PBXFileReference; lastKnownFileType = file.storyboard; name = Base; path = Base.lproj/Main.storyboard; sourceTree = "<group>"; };
		451D300B238191AB0032C3F4 /* Assets.xcassets */ = {isa = PBXFileReference; lastKnownFileType = folder.assetcatalog; path = Assets.xcassets; sourceTree = "<group>"; };
		451D300E238191AB0032C3F4 /* Base */ = {isa = PBXFileReference; lastKnownFileType = file.storyboard; name = Base; path = Base.lproj/LaunchScreen.storyboard; sourceTree = "<group>"; };
		451D3010238191AB0032C3F4 /* Info.plist */ = {isa = PBXFileReference; lastKnownFileType = text.plist.xml; path = Info.plist; sourceTree = "<group>"; };
		451D30162381926E0032C3F4 /* NewsViewController.swift */ = {isa = PBXFileReference; lastKnownFileType = sourcecode.swift; path = NewsViewController.swift; sourceTree = "<group>"; };
		451D3018238192CB0032C3F4 /* CustomData.swift */ = {isa = PBXFileReference; lastKnownFileType = sourcecode.swift; path = CustomData.swift; sourceTree = "<group>"; };
		8574639A49FED53D5950259D /* Pods-SwiftNewsKit-Design1.debug.xcconfig */ = {isa = PBXFileReference; includeInIndex = 1; lastKnownFileType = text.xcconfig; name = "Pods-SwiftNewsKit-Design1.debug.xcconfig"; path = "Target Support Files/Pods-SwiftNewsKit-Design1/Pods-SwiftNewsKit-Design1.debug.xcconfig"; sourceTree = "<group>"; };
		9CF11252958328587AEA9E75 /* Pods-SwiftNewsKit-Design1.release.xcconfig */ = {isa = PBXFileReference; includeInIndex = 1; lastKnownFileType = text.xcconfig; name = "Pods-SwiftNewsKit-Design1.release.xcconfig"; path = "Target Support Files/Pods-SwiftNewsKit-Design1/Pods-SwiftNewsKit-Design1.release.xcconfig"; sourceTree = "<group>"; };
		FA23CADB2384A3430058E8E9 /* WebBrowserViewController.swift */ = {isa = PBXFileReference; lastKnownFileType = sourcecode.swift; path = WebBrowserViewController.swift; sourceTree = "<group>"; };
/* End PBXFileReference section */

/* Begin PBXFrameworksBuildPhase section */
		451D2FFC238191A80032C3F4 /* Frameworks */ = {
			isa = PBXFrameworksBuildPhase;
			buildActionMask = 2147483647;
			files = (
				C43BCA81E5AB7100A792D797 /* Pods_SwiftNewsKit_Design1.framework in Frameworks */,
			);
			runOnlyForDeploymentPostprocessing = 0;
		};
/* End PBXFrameworksBuildPhase section */

/* Begin PBXGroup section */
		235723C51708BBDC1253D81D /* Frameworks */ = {
			isa = PBXGroup;
			children = (
				254B6B604E8D7AA979E0E2C5 /* Pods_SwiftNewsKit_Design1.framework */,
			);
			name = Frameworks;
			sourceTree = "<group>";
		};
		451D2FF6238191A80032C3F4 = {
			isa = PBXGroup;
			children = (
				FA23CADF2384A36B0058E8E9 /* Storyboards */,
				FA23CADE2384A3630058E8E9 /* Models */,
				FA23CADD2384A3550058E8E9 /* View Controllers */,
				451D3001238191A80032C3F4 /* SwiftNewsKit-Design1 */,
				451D3000238191A80032C3F4 /* Products */,
				A3734C9EE1D7E3F67291D7D7 /* Pods */,
				235723C51708BBDC1253D81D /* Frameworks */,
			);
			sourceTree = "<group>";
		};
		451D3000238191A80032C3F4 /* Products */ = {
			isa = PBXGroup;
			children = (
				451D2FFF238191A80032C3F4 /* SwiftNewsKit-Design1.app */,
			);
			name = Products;
			sourceTree = "<group>";
		};
		451D3001238191A80032C3F4 /* SwiftNewsKit-Design1 */ = {
			isa = PBXGroup;
			children = (
				451D3002238191A80032C3F4 /* AppDelegate.swift */,
				451D3004238191A80032C3F4 /* SceneDelegate.swift */,
				451D300B238191AB0032C3F4 /* Assets.xcassets */,
				451D3010238191AB0032C3F4 /* Info.plist */,
			);
			path = "SwiftNewsKit-Design1";
			sourceTree = "<group>";
		};
		A3734C9EE1D7E3F67291D7D7 /* Pods */ = {
			isa = PBXGroup;
			children = (
				8574639A49FED53D5950259D /* Pods-SwiftNewsKit-Design1.debug.xcconfig */,
				9CF11252958328587AEA9E75 /* Pods-SwiftNewsKit-Design1.release.xcconfig */,
			);
			name = Pods;
			path = Pods;
			sourceTree = "<group>";
		};
		FA23CADD2384A3550058E8E9 /* View Controllers */ = {
			isa = PBXGroup;
			children = (
				451D30162381926E0032C3F4 /* NewsViewController.swift */,
				FA23CADB2384A3430058E8E9 /* WebBrowserViewController.swift */,
			);
			path = "View Controllers";
			sourceTree = "<group>";
		};
		FA23CADE2384A3630058E8E9 /* Models */ = {
			isa = PBXGroup;
			children = (
				451D3018238192CB0032C3F4 /* CustomData.swift */,
			);
			path = Models;
			sourceTree = "<group>";
		};
		FA23CADF2384A36B0058E8E9 /* Storyboards */ = {
			isa = PBXGroup;
			children = (
				451D3008238191A80032C3F4 /* Main.storyboard */,
				451D300D238191AB0032C3F4 /* LaunchScreen.storyboard */,
			);
			path = Storyboards;
			sourceTree = "<group>";
		};
/* End PBXGroup section */

/* Begin PBXNativeTarget section */
		451D2FFE238191A80032C3F4 /* SwiftNewsKit-Design1 */ = {
			isa = PBXNativeTarget;
			buildConfigurationList = 451D3013238191AB0032C3F4 /* Build configuration list for PBXNativeTarget "SwiftNewsKit-Design1" */;
			buildPhases = (
				9311D4D480391C1D66F52D0B /* [CP] Check Pods Manifest.lock */,
				451D2FFB238191A80032C3F4 /* Sources */,
				451D2FFC238191A80032C3F4 /* Frameworks */,
				451D2FFD238191A80032C3F4 /* Resources */,
				D77A7DF517C5385F3E9AFA1B /* [CP] Embed Pods Frameworks */,
			);
			buildRules = (
			);
			dependencies = (
			);
			name = "SwiftNewsKit-Design1";
			productName = "SwiftNewsKit-Design1";
			productReference = 451D2FFF238191A80032C3F4 /* SwiftNewsKit-Design1.app */;
			productType = "com.apple.product-type.application";
		};
/* End PBXNativeTarget section */

/* Begin PBXProject section */
		451D2FF7238191A80032C3F4 /* Project object */ = {
			isa = PBXProject;
			attributes = {
				LastSwiftUpdateCheck = 1110;
				LastUpgradeCheck = 1110;
				ORGANIZATIONNAME = "Lambda School";
				TargetAttributes = {
					451D2FFE238191A80032C3F4 = {
						CreatedOnToolsVersion = 11.1;
					};
				};
			};
			buildConfigurationList = 451D2FFA238191A80032C3F4 /* Build configuration list for PBXProject "SwiftNewsKit-Design1" */;
			compatibilityVersion = "Xcode 9.3";
			developmentRegion = en;
			hasScannedForEncodings = 0;
			knownRegions = (
				en,
				Base,
			);
			mainGroup = 451D2FF6238191A80032C3F4;
			productRefGroup = 451D3000238191A80032C3F4 /* Products */;
			projectDirPath = "";
			projectRoot = "";
			targets = (
				451D2FFE238191A80032C3F4 /* SwiftNewsKit-Design1 */,
			);
		};
/* End PBXProject section */

/* Begin PBXResourcesBuildPhase section */
		451D2FFD238191A80032C3F4 /* Resources */ = {
			isa = PBXResourcesBuildPhase;
			buildActionMask = 2147483647;
			files = (
				451D300F238191AB0032C3F4 /* LaunchScreen.storyboard in Resources */,
				451D300C238191AB0032C3F4 /* Assets.xcassets in Resources */,
				451D300A238191A80032C3F4 /* Main.storyboard in Resources */,
			);
			runOnlyForDeploymentPostprocessing = 0;
		};
/* End PBXResourcesBuildPhase section */

/* Begin PBXShellScriptBuildPhase section */
		9311D4D480391C1D66F52D0B /* [CP] Check Pods Manifest.lock */ = {
			isa = PBXShellScriptBuildPhase;
			buildActionMask = 2147483647;
			files = (
			);
			inputFileListPaths = (
			);
			inputPaths = (
				"${PODS_PODFILE_DIR_PATH}/Podfile.lock",
				"${PODS_ROOT}/Manifest.lock",
			);
			name = "[CP] Check Pods Manifest.lock";
			outputFileListPaths = (
			);
			outputPaths = (
				"$(DERIVED_FILE_DIR)/Pods-SwiftNewsKit-Design1-checkManifestLockResult.txt",
			);
			runOnlyForDeploymentPostprocessing = 0;
			shellPath = /bin/sh;
			shellScript = "diff \"${PODS_PODFILE_DIR_PATH}/Podfile.lock\" \"${PODS_ROOT}/Manifest.lock\" > /dev/null\nif [ $? != 0 ] ; then\n    # print error to STDERR\n    echo \"error: The sandbox is not in sync with the Podfile.lock. Run 'pod install' or update your CocoaPods installation.\" >&2\n    exit 1\nfi\n# This output is used by Xcode 'outputs' to avoid re-running this script phase.\necho \"SUCCESS\" > \"${SCRIPT_OUTPUT_FILE_0}\"\n";
			showEnvVarsInLog = 0;
		};
		D77A7DF517C5385F3E9AFA1B /* [CP] Embed Pods Frameworks */ = {
			isa = PBXShellScriptBuildPhase;
			buildActionMask = 2147483647;
			files = (
			);
			inputFileListPaths = (
			);
			inputPaths = (
				"${PODS_ROOT}/Target Support Files/Pods-SwiftNewsKit-Design1/Pods-SwiftNewsKit-Design1-frameworks.sh",
				"${BUILT_PRODUCTS_DIR}/Ji/Ji.framework",
				"${BUILT_PRODUCTS_DIR}/ReadabilityKit/ReadabilityKit.framework",
				"${BUILT_PRODUCTS_DIR}/SwiftSoup/SwiftSoup.framework",
			);
			name = "[CP] Embed Pods Frameworks";
			outputFileListPaths = (
			);
			outputPaths = (
				"${TARGET_BUILD_DIR}/${FRAMEWORKS_FOLDER_PATH}/Ji.framework",
				"${TARGET_BUILD_DIR}/${FRAMEWORKS_FOLDER_PATH}/ReadabilityKit.framework",
				"${TARGET_BUILD_DIR}/${FRAMEWORKS_FOLDER_PATH}/SwiftSoup.framework",
			);
			runOnlyForDeploymentPostprocessing = 0;
			shellPath = /bin/sh;
			shellScript = "\"${PODS_ROOT}/Target Support Files/Pods-SwiftNewsKit-Design1/Pods-SwiftNewsKit-Design1-frameworks.sh\"\n";
			showEnvVarsInLog = 0;
		};
/* End PBXShellScriptBuildPhase section */

/* Begin PBXSourcesBuildPhase section */
		451D2FFB238191A80032C3F4 /* Sources */ = {
			isa = PBXSourcesBuildPhase;
			buildActionMask = 2147483647;
			files = (
				451D3019238192CB0032C3F4 /* CustomData.swift in Sources */,
				451D30172381926E0032C3F4 /* NewsViewController.swift in Sources */,
				FA23CADC2384A3430058E8E9 /* WebBrowserViewController.swift in Sources */,
				451D3003238191A80032C3F4 /* AppDelegate.swift in Sources */,
				451D3005238191A80032C3F4 /* SceneDelegate.swift in Sources */,
			);
			runOnlyForDeploymentPostprocessing = 0;
		};
/* End PBXSourcesBuildPhase section */

/* Begin PBXVariantGroup section */
		451D3008238191A80032C3F4 /* Main.storyboard */ = {
			isa = PBXVariantGroup;
			children = (
				451D3009238191A80032C3F4 /* Base */,
			);
			name = Main.storyboard;
			sourceTree = "<group>";
		};
		451D300D238191AB0032C3F4 /* LaunchScreen.storyboard */ = {
			isa = PBXVariantGroup;
			children = (
				451D300E238191AB0032C3F4 /* Base */,
			);
			name = LaunchScreen.storyboard;
			sourceTree = "<group>";
		};
/* End PBXVariantGroup section */

/* Begin XCBuildConfiguration section */
		451D3011238191AB0032C3F4 /* Debug */ = {
			isa = XCBuildConfiguration;
			buildSettings = {
				ALWAYS_SEARCH_USER_PATHS = NO;
				CLANG_ANALYZER_NONNULL = YES;
				CLANG_ANALYZER_NUMBER_OBJECT_CONVERSION = YES_AGGRESSIVE;
				CLANG_CXX_LANGUAGE_STANDARD = "gnu++14";
				CLANG_CXX_LIBRARY = "libc++";
				CLANG_ENABLE_MODULES = YES;
				CLANG_ENABLE_OBJC_ARC = YES;
				CLANG_ENABLE_OBJC_WEAK = YES;
				CLANG_WARN_BLOCK_CAPTURE_AUTORELEASING = YES;
				CLANG_WARN_BOOL_CONVERSION = YES;
				CLANG_WARN_COMMA = YES;
				CLANG_WARN_CONSTANT_CONVERSION = YES;
				CLANG_WARN_DEPRECATED_OBJC_IMPLEMENTATIONS = YES;
				CLANG_WARN_DIRECT_OBJC_ISA_USAGE = YES_ERROR;
				CLANG_WARN_DOCUMENTATION_COMMENTS = YES;
				CLANG_WARN_EMPTY_BODY = YES;
				CLANG_WARN_ENUM_CONVERSION = YES;
				CLANG_WARN_INFINITE_RECURSION = YES;
				CLANG_WARN_INT_CONVERSION = YES;
				CLANG_WARN_NON_LITERAL_NULL_CONVERSION = YES;
				CLANG_WARN_OBJC_IMPLICIT_RETAIN_SELF = YES;
				CLANG_WARN_OBJC_LITERAL_CONVERSION = YES;
				CLANG_WARN_OBJC_ROOT_CLASS = YES_ERROR;
				CLANG_WARN_RANGE_LOOP_ANALYSIS = YES;
				CLANG_WARN_STRICT_PROTOTYPES = YES;
				CLANG_WARN_SUSPICIOUS_MOVE = YES;
				CLANG_WARN_UNGUARDED_AVAILABILITY = YES_AGGRESSIVE;
				CLANG_WARN_UNREACHABLE_CODE = YES;
				CLANG_WARN__DUPLICATE_METHOD_MATCH = YES;
				COPY_PHASE_STRIP = NO;
				DEBUG_INFORMATION_FORMAT = dwarf;
				ENABLE_STRICT_OBJC_MSGSEND = YES;
				ENABLE_TESTABILITY = YES;
				GCC_C_LANGUAGE_STANDARD = gnu11;
				GCC_DYNAMIC_NO_PIC = NO;
				GCC_NO_COMMON_BLOCKS = YES;
				GCC_OPTIMIZATION_LEVEL = 0;
				GCC_PREPROCESSOR_DEFINITIONS = (
					"DEBUG=1",
					"$(inherited)",
				);
				GCC_WARN_64_TO_32_BIT_CONVERSION = YES;
				GCC_WARN_ABOUT_RETURN_TYPE = YES_ERROR;
				GCC_WARN_UNDECLARED_SELECTOR = YES;
				GCC_WARN_UNINITIALIZED_AUTOS = YES_AGGRESSIVE;
				GCC_WARN_UNUSED_FUNCTION = YES;
				GCC_WARN_UNUSED_VARIABLE = YES;
				IPHONEOS_DEPLOYMENT_TARGET = 13.1;
				MTL_ENABLE_DEBUG_INFO = INCLUDE_SOURCE;
				MTL_FAST_MATH = YES;
				ONLY_ACTIVE_ARCH = YES;
				SDKROOT = iphoneos;
				SWIFT_ACTIVE_COMPILATION_CONDITIONS = DEBUG;
				SWIFT_OPTIMIZATION_LEVEL = "-Onone";
			};
			name = Debug;
		};
		451D3012238191AB0032C3F4 /* Release */ = {
			isa = XCBuildConfiguration;
			buildSettings = {
				ALWAYS_SEARCH_USER_PATHS = NO;
				CLANG_ANALYZER_NONNULL = YES;
				CLANG_ANALYZER_NUMBER_OBJECT_CONVERSION = YES_AGGRESSIVE;
				CLANG_CXX_LANGUAGE_STANDARD = "gnu++14";
				CLANG_CXX_LIBRARY = "libc++";
				CLANG_ENABLE_MODULES = YES;
				CLANG_ENABLE_OBJC_ARC = YES;
				CLANG_ENABLE_OBJC_WEAK = YES;
				CLANG_WARN_BLOCK_CAPTURE_AUTORELEASING = YES;
				CLANG_WARN_BOOL_CONVERSION = YES;
				CLANG_WARN_COMMA = YES;
				CLANG_WARN_CONSTANT_CONVERSION = YES;
				CLANG_WARN_DEPRECATED_OBJC_IMPLEMENTATIONS = YES;
				CLANG_WARN_DIRECT_OBJC_ISA_USAGE = YES_ERROR;
				CLANG_WARN_DOCUMENTATION_COMMENTS = YES;
				CLANG_WARN_EMPTY_BODY = YES;
				CLANG_WARN_ENUM_CONVERSION = YES;
				CLANG_WARN_INFINITE_RECURSION = YES;
				CLANG_WARN_INT_CONVERSION = YES;
				CLANG_WARN_NON_LITERAL_NULL_CONVERSION = YES;
				CLANG_WARN_OBJC_IMPLICIT_RETAIN_SELF = YES;
				CLANG_WARN_OBJC_LITERAL_CONVERSION = YES;
				CLANG_WARN_OBJC_ROOT_CLASS = YES_ERROR;
				CLANG_WARN_RANGE_LOOP_ANALYSIS = YES;
				CLANG_WARN_STRICT_PROTOTYPES = YES;
				CLANG_WARN_SUSPICIOUS_MOVE = YES;
				CLANG_WARN_UNGUARDED_AVAILABILITY = YES_AGGRESSIVE;
				CLANG_WARN_UNREACHABLE_CODE = YES;
				CLANG_WARN__DUPLICATE_METHOD_MATCH = YES;
				COPY_PHASE_STRIP = NO;
				DEBUG_INFORMATION_FORMAT = "dwarf-with-dsym";
				ENABLE_NS_ASSERTIONS = NO;
				ENABLE_STRICT_OBJC_MSGSEND = YES;
				GCC_C_LANGUAGE_STANDARD = gnu11;
				GCC_NO_COMMON_BLOCKS = YES;
				GCC_WARN_64_TO_32_BIT_CONVERSION = YES;
				GCC_WARN_ABOUT_RETURN_TYPE = YES_ERROR;
				GCC_WARN_UNDECLARED_SELECTOR = YES;
				GCC_WARN_UNINITIALIZED_AUTOS = YES_AGGRESSIVE;
				GCC_WARN_UNUSED_FUNCTION = YES;
				GCC_WARN_UNUSED_VARIABLE = YES;
				IPHONEOS_DEPLOYMENT_TARGET = 13.1;
				MTL_ENABLE_DEBUG_INFO = NO;
				MTL_FAST_MATH = YES;
				SDKROOT = iphoneos;
				SWIFT_COMPILATION_MODE = wholemodule;
				SWIFT_OPTIMIZATION_LEVEL = "-O";
				VALIDATE_PRODUCT = YES;
			};
			name = Release;
		};
		451D3014238191AB0032C3F4 /* Debug */ = {
			isa = XCBuildConfiguration;
			baseConfigurationReference = 8574639A49FED53D5950259D /* Pods-SwiftNewsKit-Design1.debug.xcconfig */;
			buildSettings = {
				ASSETCATALOG_COMPILER_APPICON_NAME = AppIcon;
				CODE_SIGN_STYLE = Automatic;
				DEVELOPMENT_TEAM = HQP2ZWNS2F;
				INFOPLIST_FILE = "SwiftNewsKit-Design1/Info.plist";
				LD_RUNPATH_SEARCH_PATHS = (
					"$(inherited)",
					"@executable_path/Frameworks",
				);
				PRODUCT_BUNDLE_IDENTIFIER = "com.flash.SwiftNewsKit-Design1";
				PRODUCT_NAME = "$(TARGET_NAME)";
				SWIFT_VERSION = 5.0;
				TARGETED_DEVICE_FAMILY = "1,2";
			};
			name = Debug;
		};
		451D3015238191AB0032C3F4 /* Release */ = {
			isa = XCBuildConfiguration;
			baseConfigurationReference = 9CF11252958328587AEA9E75 /* Pods-SwiftNewsKit-Design1.release.xcconfig */;
			buildSettings = {
				ASSETCATALOG_COMPILER_APPICON_NAME = AppIcon;
				CODE_SIGN_STYLE = Automatic;
				DEVELOPMENT_TEAM = HQP2ZWNS2F;
				INFOPLIST_FILE = "SwiftNewsKit-Design1/Info.plist";
				LD_RUNPATH_SEARCH_PATHS = (
					"$(inherited)",
					"@executable_path/Frameworks",
				);
				PRODUCT_BUNDLE_IDENTIFIER = "com.flash.SwiftNewsKit-Design1";
				PRODUCT_NAME = "$(TARGET_NAME)";
				SWIFT_VERSION = 5.0;
				TARGETED_DEVICE_FAMILY = "1,2";
			};
			name = Release;
		};
/* End XCBuildConfiguration section */

/* Begin XCConfigurationList section */
		451D2FFA238191A80032C3F4 /* Build configuration list for PBXProject "SwiftNewsKit-Design1" */ = {
			isa = XCConfigurationList;
			buildConfigurations = (
				451D3011238191AB0032C3F4 /* Debug */,
				451D3012238191AB0032C3F4 /* Release */,
			);
			defaultConfigurationIsVisible = 0;
			defaultConfigurationName = Release;
		};
		451D3013238191AB0032C3F4 /* Build configuration list for PBXNativeTarget "SwiftNewsKit-Design1" */ = {
			isa = XCConfigurationList;
			buildConfigurations = (
				451D3014238191AB0032C3F4 /* Debug */,
				451D3015238191AB0032C3F4 /* Release */,
			);
			defaultConfigurationIsVisible = 0;
			defaultConfigurationName = Release;
		};
/* End XCConfigurationList section */
	};
	rootObject = 451D2FF7238191A80032C3F4 /* Project object */;
}
